
Microsoft Visual Studio Solution File, Format Version 12.00
# Visual Studio 15
Project("{FAE04EC0-301F-11D3-BF4B-00C04F79EFBC}") = "Assembly-CSharp", "Assembly-CSharp.csproj", "{2094136F-4A19-495D-4F7F-9B5ACDA3A15F}"
EndProject
Project("{FAE04EC0-301F-11D3-BF4B-00C04F79EFBC}") = "UnityEngine.UI", "UnityEngine.UI.csproj", "{9E8B3E16-DAF3-475D-3033-3A65789B1B2E}"
EndProject
Project("{FAE04EC0-301F-11D3-BF4B-00C04F79EFBC}") = "Assembly-CSharp-Editor", "Assembly-CSharp-Editor.csproj", "{97E90BAB-4D9A-CA75-5CD2-3361F363571D}"
EndProject
Project("{FAE04EC0-301F-11D3-BF4B-00C04F79EFBC}") = "UnityEditor.UI", "UnityEditor.UI.csproj", "{1A089EAB-22EE-7857-C22C-E9209967D808}"
EndProject
Global
	GlobalSection(SolutionConfigurationPlatforms) = preSolution
		Debug|Any CPU = Debug|Any CPU
		Release|Any CPU = Release|Any CPU
	EndGlobalSection
	GlobalSection(ProjectConfigurationPlatforms) = postSolution
		{2094136F-4A19-495D-4F7F-9B5ACDA3A15F}.Debug|Any CPU.ActiveCfg = Debug|Any CPU
		{2094136F-4A19-495D-4F7F-9B5ACDA3A15F}.Debug|Any CPU.Build.0 = Debug|Any CPU
		{2094136F-4A19-495D-4F7F-9B5ACDA3A15F}.Release|Any CPU.ActiveCfg = Release|Any CPU
		{2094136F-4A19-495D-4F7F-9B5ACDA3A15F}.Release|Any CPU.Build.0 = Release|Any CPU
		{9E8B3E16-DAF3-475D-3033-3A65789B1B2E}.Debug|Any CPU.ActiveCfg = Debug|Any CPU
		{9E8B3E16-DAF3-475D-3033-3A65789B1B2E}.Debug|Any CPU.Build.0 = Debug|Any CPU
		{9E8B3E16-DAF3-475D-3033-3A65789B1B2E}.Release|Any CPU.ActiveCfg = Release|Any CPU
		{9E8B3E16-DAF3-475D-3033-3A65789B1B2E}.Release|Any CPU.Build.0 = Release|Any CPU
		{97E90BAB-4D9A-CA75-5CD2-3361F363571D}.Debug|Any CPU.ActiveCfg = Debug|Any CPU
		{97E90BAB-4D9A-CA75-5CD2-3361F363571D}.Debug|Any CPU.Build.0 = Debug|Any CPU
		{97E90BAB-4D9A-CA75-5CD2-3361F363571D}.Release|Any CPU.ActiveCfg = Release|Any CPU
		{97E90BAB-4D9A-CA75-5CD2-3361F363571D}.Release|Any CPU.Build.0 = Release|Any CPU
		{1A089EAB-22EE-7857-C22C-E9209967D808}.Debug|Any CPU.ActiveCfg = Debug|Any CPU
		{1A089EAB-22EE-7857-C22C-E9209967D808}.Debug|Any CPU.Build.0 = Debug|Any CPU
		{1A089EAB-22EE-7857-C22C-E9209967D808}.Release|Any CPU.ActiveCfg = Release|Any CPU
		{1A089EAB-22EE-7857-C22C-E9209967D808}.Release|Any CPU.Build.0 = Release|Any CPU
	EndGlobalSection
	GlobalSection(SolutionProperties) = preSolution
		HideSolutionNode = FALSE
	EndGlobalSection
EndGlobal
